
Microsoft Visual Studio Solution File, Format Version 12.00
# Visual Studio 15
VisualStudioVersion = 15.0.28010.2046
MinimumVisualStudioVersion = 10.0.40219.1
Project("{FAE04EC0-301F-11D3-BF4B-00C04F79EFBC}") = "LibraryProject", "LibraryProject\LibraryProject.csproj", "{001D2945-BA6F-4F4D-9D3B-88F00D8AB34B}"
EndProject
Project("{FAE04EC0-301F-11D3-BF4B-00C04F79EFBC}") = "BookLib", "BookLib\BookLib.csproj", "{8FAABB49-26C1-419A-9BA1-C5A735AAD601}"
EndProject
Project("{FAE04EC0-301F-11D3-BF4B-00C04F79EFBC}") = "UnitTestProjectLibrary", "UnitTestProjectLibrary\UnitTestProjectLibrary.csproj", "{86762B2F-4CA4-45E6-AB47-C2A9DFCF3D63}"
EndProject
Global
	GlobalSection(SolutionConfigurationPlatforms) = preSolution
		Debug|Any CPU = Debug|Any CPU
		Release|Any CPU = Release|Any CPU
	EndGlobalSection
	GlobalSection(ProjectConfigurationPlatforms) = postSolution
		{001D2945-BA6F-4F4D-9D3B-88F00D8AB34B}.Debug|Any CPU.ActiveCfg = Debug|Any CPU
		{001D2945-BA6F-4F4D-9D3B-88F00D8AB34B}.Debug|Any CPU.Build.0 = Debug|Any CPU
		{001D2945-BA6F-4F4D-9D3B-88F00D8AB34B}.Release|Any CPU.ActiveCfg = Release|Any CPU
		{001D2945-BA6F-4F4D-9D3B-88F00D8AB34B}.Release|Any CPU.Build.0 = Release|Any CPU
		{8FAABB49-26C1-419A-9BA1-C5A735AAD601}.Debug|Any CPU.ActiveCfg = Debug|Any CPU
		{8FAABB49-26C1-419A-9BA1-C5A735AAD601}.Debug|Any CPU.Build.0 = Debug|Any CPU
		{8FAABB49-26C1-419A-9BA1-C5A735AAD601}.Release|Any CPU.ActiveCfg = Release|Any CPU
		{8FAABB49-26C1-419A-9BA1-C5A735AAD601}.Release|Any CPU.Build.0 = Release|Any CPU
		{86762B2F-4CA4-45E6-AB47-C2A9DFCF3D63}.Debug|Any CPU.ActiveCfg = Debug|Any CPU
		{86762B2F-4CA4-45E6-AB47-C2A9DFCF3D63}.Debug|Any CPU.Build.0 = Debug|Any CPU
		{86762B2F-4CA4-45E6-AB47-C2A9DFCF3D63}.Release|Any CPU.ActiveCfg = Release|Any CPU
		{86762B2F-4CA4-45E6-AB47-C2A9DFCF3D63}.Release|Any CPU.Build.0 = Release|Any CPU
	EndGlobalSection
	GlobalSection(SolutionProperties) = preSolution
		HideSolutionNode = FALSE
	EndGlobalSection
	GlobalSection(ExtensibilityGlobals) = postSolution
		SolutionGuid = {3D682FA9-1EA2-43E5-BFA3-DD54F646306D}
	EndGlobalSection
EndGlobal
